
Microsoft Visual Studio Solution File, Format Version 12.00
Project("{FAE04EC0-301F-11D3-BF4B-00C04F79EFBC}") = "ArtGalleryApp", "ArtGalleryApp\ArtGalleryApp.csproj", "{5FB1A506-58AC-425A-9D1A-B8E663E45622}"
EndProject
Project("{FAE04EC0-301F-11D3-BF4B-00C04F79EFBC}") = "DataSource", "DataSource\DataSource.csproj", "{414F5FFC-92BC-45E8-A1D7-FD24B08C5249}"
EndProject
Global
	GlobalSection(SolutionConfigurationPlatforms) = preSolution
		Debug|Any CPU = Debug|Any CPU
		Release|Any CPU = Release|Any CPU
	EndGlobalSection
	GlobalSection(ProjectConfigurationPlatforms) = postSolution
		{5FB1A506-58AC-425A-9D1A-B8E663E45622}.Debug|Any CPU.ActiveCfg = Debug|Any CPU
		{5FB1A506-58AC-425A-9D1A-B8E663E45622}.Debug|Any CPU.Build.0 = Debug|Any CPU
		{5FB1A506-58AC-425A-9D1A-B8E663E45622}.Release|Any CPU.ActiveCfg = Release|Any CPU
		{5FB1A506-58AC-425A-9D1A-B8E663E45622}.Release|Any CPU.Build.0 = Release|Any CPU
		{414F5FFC-92BC-45E8-A1D7-FD24B08C5249}.Debug|Any CPU.ActiveCfg = Debug|Any CPU
		{414F5FFC-92BC-45E8-A1D7-FD24B08C5249}.Debug|Any CPU.Build.0 = Debug|Any CPU
		{414F5FFC-92BC-45E8-A1D7-FD24B08C5249}.Release|Any CPU.ActiveCfg = Release|Any CPU
		{414F5FFC-92BC-45E8-A1D7-FD24B08C5249}.Release|Any CPU.Build.0 = Release|Any CPU
	EndGlobalSection
EndGlobal
